// !$*UTF8*$!
{
	archiveVersion = 1;
	classes = {
	};
	objectVersion = 55;
	objects = {

/* Begin PBXBuildFile section */
		FDD47F69280ADE07007F6014 /* AppDelegate.swift in Sources */ = {isa = PBXBuildFile; fileRef = FDD47F68280ADE07007F6014 /* AppDelegate.swift */; };
		FDD47F6B280ADE07007F6014 /* SceneDelegate.swift in Sources */ = {isa = PBXBuildFile; fileRef = FDD47F6A280ADE07007F6014 /* SceneDelegate.swift */; };
		FDD47F6D280ADE07007F6014 /* ViewController.swift in Sources */ = {isa = PBXBuildFile; fileRef = FDD47F6C280ADE07007F6014 /* ViewController.swift */; };
		FDD47F70280ADE08007F6014 /* Main.storyboard in Resources */ = {isa = PBXBuildFile; fileRef = FDD47F6E280ADE08007F6014 /* Main.storyboard */; };
		FDD47F72280ADE08007F6014 /* Assets.xcassets in Resources */ = {isa = PBXBuildFile; fileRef = FDD47F71280ADE08007F6014 /* Assets.xcassets */; };
		FDD47F75280ADE08007F6014 /* LaunchScreen.storyboard in Resources */ = {isa = PBXBuildFile; fileRef = FDD47F73280ADE08007F6014 /* LaunchScreen.storyboard */; };
		FDD47F80280ADE09007F6014 /* ReusableComponentTests.swift in Sources */ = {isa = PBXBuildFile; fileRef = FDD47F7F280ADE09007F6014 /* ReusableComponentTests.swift */; };
		FDD47F8A280ADE09007F6014 /* ReusableComponentUITests.swift in Sources */ = {isa = PBXBuildFile; fileRef = FDD47F89280ADE09007F6014 /* ReusableComponentUITests.swift */; };
		FDD47F8C280ADE09007F6014 /* ReusableComponentUITestsLaunchTests.swift in Sources */ = {isa = PBXBuildFile; fileRef = FDD47F8B280ADE09007F6014 /* ReusableComponentUITestsLaunchTests.swift */; };
		FDD47F9B280ADF3C007F6014 /* TextFildeView.swift in Sources */ = {isa = PBXBuildFile; fileRef = FDD47F98280ADF2C007F6014 /* TextFildeView.swift */; };
/* End PBXBuildFile section */

/* Begin PBXContainerItemProxy section */
		FDD47F7C280ADE09007F6014 /* PBXContainerItemProxy */ = {
			isa = PBXContainerItemProxy;
			containerPortal = FDD47F5D280ADE07007F6014 /* Project object */;
			proxyType = 1;
			remoteGlobalIDString = FDD47F64280ADE07007F6014;
			remoteInfo = ReusableComponent;
		};
		FDD47F86280ADE09007F6014 /* PBXContainerItemProxy */ = {
			isa = PBXContainerItemProxy;
			containerPortal = FDD47F5D280ADE07007F6014 /* Project object */;
			proxyType = 1;
			remoteGlobalIDString = FDD47F64280ADE07007F6014;
			remoteInfo = ReusableComponent;
		};
/* End PBXContainerItemProxy section */

/* Begin PBXFileReference section */
		FDD47F65280ADE07007F6014 /* ReusableComponent.app */ = {isa = PBXFileReference; explicitFileType = wrapper.application; includeInIndex = 0; path = ReusableComponent.app; sourceTree = BUILT_PRODUCTS_DIR; };
		FDD47F68280ADE07007F6014 /* AppDelegate.swift */ = {isa = PBXFileReference; lastKnownFileType = sourcecode.swift; path = AppDelegate.swift; sourceTree = "<group>"; };
		FDD47F6A280ADE07007F6014 /* SceneDelegate.swift */ = {isa = PBXFileReference; lastKnownFileType = sourcecode.swift; path = SceneDelegate.swift; sourceTree = "<group>"; };
		FDD47F6C280ADE07007F6014 /* ViewController.swift */ = {isa = PBXFileReference; lastKnownFileType = sourcecode.swift; path = ViewController.swift; sourceTree = "<group>"; };
		FDD47F6F280ADE08007F6014 /* Base */ = {isa = PBXFileReference; lastKnownFileType = file.storyboard; name = Base; path = Base.lproj/Main.storyboard; sourceTree = "<group>"; };
		FDD47F71280ADE08007F6014 /* Assets.xcassets */ = {isa = PBXFileReference; lastKnownFileType = folder.assetcatalog; path = Assets.xcassets; sourceTree = "<group>"; };
		FDD47F74280ADE08007F6014 /* Base */ = {isa = PBXFileReference; lastKnownFileType = file.storyboard; name = Base; path = Base.lproj/LaunchScreen.storyboard; sourceTree = "<group>"; };
		FDD47F76280ADE08007F6014 /* Info.plist */ = {isa = PBXFileReference; lastKnownFileType = text.plist.xml; path = Info.plist; sourceTree = "<group>"; };
		FDD47F7B280ADE09007F6014 /* ReusableComponentTests.xctest */ = {isa = PBXFileReference; explicitFileType = wrapper.cfbundle; includeInIndex = 0; path = ReusableComponentTests.xctest; sourceTree = BUILT_PRODUCTS_DIR; };
		FDD47F7F280ADE09007F6014 /* ReusableComponentTests.swift */ = {isa = PBXFileReference; lastKnownFileType = sourcecode.swift; path = ReusableComponentTests.swift; sourceTree = "<group>"; };
		FDD47F85280ADE09007F6014 /* ReusableComponentUITests.xctest */ = {isa = PBXFileReference; explicitFileType = wrapper.cfbundle; includeInIndex = 0; path = ReusableComponentUITests.xctest; sourceTree = BUILT_PRODUCTS_DIR; };
		FDD47F89280ADE09007F6014 /* ReusableComponentUITests.swift */ = {isa = PBXFileReference; lastKnownFileType = sourcecode.swift; path = ReusableComponentUITests.swift; sourceTree = "<group>"; };
		FDD47F8B280ADE09007F6014 /* ReusableComponentUITestsLaunchTests.swift */ = {isa = PBXFileReference; lastKnownFileType = sourcecode.swift; path = ReusableComponentUITestsLaunchTests.swift; sourceTree = "<group>"; };
		FDD47F98280ADF2C007F6014 /* TextFildeView.swift */ = {isa = PBXFileReference; lastKnownFileType = sourcecode.swift; path = TextFildeView.swift; sourceTree = "<group>"; };
/* End PBXFileReference section */

/* Begin PBXFrameworksBuildPhase section */
		FDD47F62280ADE07007F6014 /* Frameworks */ = {
			isa = PBXFrameworksBuildPhase;
			buildActionMask = 2147483647;
			files = (
			);
			runOnlyForDeploymentPostprocessing = 0;
		};
		FDD47F78280ADE09007F6014 /* Frameworks */ = {
			isa = PBXFrameworksBuildPhase;
			buildActionMask = 2147483647;
			files = (
			);
			runOnlyForDeploymentPostprocessing = 0;
		};
		FDD47F82280ADE09007F6014 /* Frameworks */ = {
			isa = PBXFrameworksBuildPhase;
			buildActionMask = 2147483647;
			files = (
			);
			runOnlyForDeploymentPostprocessing = 0;
		};
/* End PBXFrameworksBuildPhase section */

/* Begin PBXGroup section */
		FDD47F5C280ADE07007F6014 = {
			isa = PBXGroup;
			children = (
				FDD47F67280ADE07007F6014 /* ReusableComponent */,
				FDD47F7E280ADE09007F6014 /* ReusableComponentTests */,
				FDD47F88280ADE09007F6014 /* ReusableComponentUITests */,
				FDD47F66280ADE07007F6014 /* Products */,
			);
			sourceTree = "<group>";
		};
		FDD47F66280ADE07007F6014 /* Products */ = {
			isa = PBXGroup;
			children = (
				FDD47F65280ADE07007F6014 /* ReusableComponent.app */,
				FDD47F7B280ADE09007F6014 /* ReusableComponentTests.xctest */,
				FDD47F85280ADE09007F6014 /* ReusableComponentUITests.xctest */,
			);
			name = Products;
			sourceTree = "<group>";
		};
		FDD47F67280ADE07007F6014 /* ReusableComponent */ = {
			isa = PBXGroup;
			children = (
				FDD47F68280ADE07007F6014 /* AppDelegate.swift */,
				FDD47F6A280ADE07007F6014 /* SceneDelegate.swift */,
				FDD47F6C280ADE07007F6014 /* ViewController.swift */,
				FDD47F98280ADF2C007F6014 /* TextFildeView.swift */,
				FDD47F6E280ADE08007F6014 /* Main.storyboard */,
				FDD47F71280ADE08007F6014 /* Assets.xcassets */,
				FDD47F73280ADE08007F6014 /* LaunchScreen.storyboard */,
				FDD47F76280ADE08007F6014 /* Info.plist */,
			);
			path = ReusableComponent;
			sourceTree = "<group>";
		};
		FDD47F7E280ADE09007F6014 /* ReusableComponentTests */ = {
			isa = PBXGroup;
			children = (
				FDD47F7F280ADE09007F6014 /* ReusableComponentTests.swift */,
			);
			path = ReusableComponentTests;
			sourceTree = "<group>";
		};
		FDD47F88280ADE09007F6014 /* ReusableComponentUITests */ = {
			isa = PBXGroup;
			children = (
				FDD47F89280ADE09007F6014 /* ReusableComponentUITests.swift */,
				FDD47F8B280ADE09007F6014 /* ReusableComponentUITestsLaunchTests.swift */,
			);
			path = ReusableComponentUITests;
			sourceTree = "<group>";
		};
/* End PBXGroup section */

/* Begin PBXNativeTarget section */
		FDD47F64280ADE07007F6014 /* ReusableComponent */ = {
			isa = PBXNativeTarget;
			buildConfigurationList = FDD47F8F280ADE09007F6014 /* Build configuration list for PBXNativeTarget "ReusableComponent" */;
			buildPhases = (
				FDD47F61280ADE07007F6014 /* Sources */,
				FDD47F62280ADE07007F6014 /* Frameworks */,
				FDD47F63280ADE07007F6014 /* Resources */,
			);
			buildRules = (
			);
			dependencies = (
			);
			name = ReusableComponent;
			productName = ReusableComponent;
			productReference = FDD47F65280ADE07007F6014 /* ReusableComponent.app */;
			productType = "com.apple.product-type.application";
		};
		FDD47F7A280ADE09007F6014 /* ReusableComponentTests */ = {
			isa = PBXNativeTarget;
			buildConfigurationList = FDD47F92280ADE09007F6014 /* Build configuration list for PBXNativeTarget "ReusableComponentTests" */;
			buildPhases = (
				FDD47F77280ADE09007F6014 /* Sources */,
				FDD47F78280ADE09007F6014 /* Frameworks */,
				FDD47F79280ADE09007F6014 /* Resources */,
			);
			buildRules = (
			);
			dependencies = (
				FDD47F7D280ADE09007F6014 /* PBXTargetDependency */,
			);
			name = ReusableComponentTests;
			productName = ReusableComponentTests;
			productReference = FDD47F7B280ADE09007F6014 /* ReusableComponentTests.xctest */;
			productType = "com.apple.product-type.bundle.unit-test";
		};
		FDD47F84280ADE09007F6014 /* ReusableComponentUITests */ = {
			isa = PBXNativeTarget;
			buildConfigurationList = FDD47F95280ADE09007F6014 /* Build configuration list for PBXNativeTarget "ReusableComponentUITests" */;
			buildPhases = (
				FDD47F81280ADE09007F6014 /* Sources */,
				FDD47F82280ADE09007F6014 /* Frameworks */,
				FDD47F83280ADE09007F6014 /* Resources */,
			);
			buildRules = (
			);
			dependencies = (
				FDD47F87280ADE09007F6014 /* PBXTargetDependency */,
			);
			name = ReusableComponentUITests;
			productName = ReusableComponentUITests;
			productReference = FDD47F85280ADE09007F6014 /* ReusableComponentUITests.xctest */;
			productType = "com.apple.product-type.bundle.ui-testing";
		};
/* End PBXNativeTarget section */

/* Begin PBXProject section */
		FDD47F5D280ADE07007F6014 /* Project object */ = {
			isa = PBXProject;
			attributes = {
				BuildIndependentTargetsInParallel = NO;
				LastSwiftUpdateCheck = 1330;
				LastUpgradeCheck = 1330;
				TargetAttributes = {
					FDD47F64280ADE07007F6014 = {
						CreatedOnToolsVersion = 13.3;
					};
					FDD47F7A280ADE09007F6014 = {
						CreatedOnToolsVersion = 13.3;
					};
					FDD47F84280ADE09007F6014 = {
						CreatedOnToolsVersion = 13.3;
						TestTargetID = FDD47F64280ADE07007F6014;
					};
				};
			};
			buildConfigurationList = FDD47F60280ADE07007F6014 /* Build configuration list for PBXProject "ReusableComponent" */;
			compatibilityVersion = "Xcode 13.0";
			developmentRegion = en;
			hasScannedForEncodings = 0;
			knownRegions = (
				en,
				Base,
			);
			mainGroup = FDD47F5C280ADE07007F6014;
			productRefGroup = FDD47F66280ADE07007F6014 /* Products */;
			projectDirPath = "";
			projectRoot = "";
			targets = (
				FDD47F64280ADE07007F6014 /* ReusableComponent */,
				FDD47F7A280ADE09007F6014 /* ReusableComponentTests */,
				FDD47F84280ADE09007F6014 /* ReusableComponentUITests */,
			);
		};
/* End PBXProject section */

/* Begin PBXResourcesBuildPhase section */
		FDD47F63280ADE07007F6014 /* Resources */ = {
			isa = PBXResourcesBuildPhase;
			buildActionMask = 2147483647;
			files = (
				FDD47F75280ADE08007F6014 /* LaunchScreen.storyboard in Resources */,
				FDD47F72280ADE08007F6014 /* Assets.xcassets in Resources */,
				FDD47F70280ADE08007F6014 /* Main.storyboard in Resources */,
			);
			runOnlyForDeploymentPostprocessing = 0;
		};
		FDD47F79280ADE09007F6014 /* Resources */ = {
			isa = PBXResourcesBuildPhase;
			buildActionMask = 2147483647;
			files = (
			);
			runOnlyForDeploymentPostprocessing = 0;
		};
		FDD47F83280ADE09007F6014 /* Resources */ = {
			isa = PBXResourcesBuildPhase;
			buildActionMask = 2147483647;
			files = (
			);
			runOnlyForDeploymentPostprocessing = 0;
		};
/* End PBXResourcesBuildPhase section */

/* Begin PBXSourcesBuildPhase section */
		FDD47F61280ADE07007F6014 /* Sources */ = {
			isa = PBXSourcesBuildPhase;
			buildActionMask = 2147483647;
			files = (
				FDD47F6D280ADE07007F6014 /* ViewController.swift in Sources */,
				FDD47F69280ADE07007F6014 /* AppDelegate.swift in Sources */,
				FDD47F9B280ADF3C007F6014 /* TextFildeView.swift in Sources */,
				FDD47F6B280ADE07007F6014 /* SceneDelegate.swift in Sources */,
			);
			runOnlyForDeploymentPostprocessing = 0;
		};
		FDD47F77280ADE09007F6014 /* Sources */ = {
			isa = PBXSourcesBuildPhase;
			buildActionMask = 2147483647;
			files = (
				FDD47F80280ADE09007F6014 /* ReusableComponentTests.swift in Sources */,
			);
			runOnlyForDeploymentPostprocessing = 0;
		};
		FDD47F81280ADE09007F6014 /* Sources */ = {
			isa = PBXSourcesBuildPhase;
			buildActionMask = 2147483647;
			files = (
				FDD47F8A280ADE09007F6014 /* ReusableComponentUITests.swift in Sources */,
				FDD47F8C280ADE09007F6014 /* ReusableComponentUITestsLaunchTests.swift in Sources */,
			);
			runOnlyForDeploymentPostprocessing = 0;
		};
/* End PBXSourcesBuildPhase section */

/* Begin PBXTargetDependency section */
		FDD47F7D280ADE09007F6014 /* PBXTargetDependency */ = {
			isa = PBXTargetDependency;
			target = FDD47F64280ADE07007F6014 /* ReusableComponent */;
			targetProxy = FDD47F7C280ADE09007F6014 /* PBXContainerItemProxy */;
		};
		FDD47F87280ADE09007F6014 /* PBXTargetDependency */ = {
			isa = PBXTargetDependency;
			target = FDD47F64280ADE07007F6014 /* ReusableComponent */;
			targetProxy = FDD47F86280ADE09007F6014 /* PBXContainerItemProxy */;
		};
/* End PBXTargetDependency section */

/* Begin PBXVariantGroup section */
		FDD47F6E280ADE08007F6014 /* Main.storyboard */ = {
			isa = PBXVariantGroup;
			children = (
				FDD47F6F280ADE08007F6014 /* Base */,
			);
			name = Main.storyboard;
			sourceTree = "<group>";
		};
		FDD47F73280ADE08007F6014 /* LaunchScreen.storyboard */ = {
			isa = PBXVariantGroup;
			children = (
				FDD47F74280ADE08007F6014 /* Base */,
			);
			name = LaunchScreen.storyboard;
			sourceTree = "<group>";
		};
/* End PBXVariantGroup section */

/* Begin XCBuildConfiguration section */
		FDD47F8D280ADE09007F6014 /* Debug */ = {
			isa = XCBuildConfiguration;
			buildSettings = {
				ALWAYS_SEARCH_USER_PATHS = NO;
				CLANG_ANALYZER_NONNULL = YES;
				CLANG_ANALYZER_NUMBER_OBJECT_CONVERSION = YES_AGGRESSIVE;
				CLANG_CXX_LANGUAGE_STANDARD = "gnu++17";
				CLANG_ENABLE_MODULES = YES;
				CLANG_ENABLE_OBJC_ARC = YES;
				CLANG_ENABLE_OBJC_WEAK = YES;
				CLANG_WARN_BLOCK_CAPTURE_AUTORELEASING = YES;
				CLANG_WARN_BOOL_CONVERSION = YES;
				CLANG_WARN_COMMA = YES;
				CLANG_WARN_CONSTANT_CONVERSION = YES;
				CLANG_WARN_DEPRECATED_OBJC_IMPLEMENTATIONS = YES;
				CLANG_WARN_DIRECT_OBJC_ISA_USAGE = YES_ERROR;
				CLANG_WARN_DOCUMENTATION_COMMENTS = YES;
				CLANG_WARN_EMPTY_BODY = YES;
				CLANG_WARN_ENUM_CONVERSION = YES;
				CLANG_WARN_INFINITE_RECURSION = YES;
				CLANG_WARN_INT_CONVERSION = YES;
				CLANG_WARN_NON_LITERAL_NULL_CONVERSION = YES;
				CLANG_WARN_OBJC_IMPLICIT_RETAIN_SELF = YES;
				CLANG_WARN_OBJC_LITERAL_CONVERSION = YES;
				CLANG_WARN_OBJC_ROOT_CLASS = YES_ERROR;
				CLANG_WARN_QUOTED_INCLUDE_IN_FRAMEWORK_HEADER = YES;
				CLANG_WARN_RANGE_LOOP_ANALYSIS = YES;
				CLANG_WARN_STRICT_PROTOTYPES = YES;
				CLANG_WARN_SUSPICIOUS_MOVE = YES;
				CLANG_WARN_UNGUARDED_AVAILABILITY = YES_AGGRESSIVE;
				CLANG_WARN_UNREACHABLE_CODE = YES;
				CLANG_WARN__DUPLICATE_METHOD_MATCH = YES;
				COPY_PHASE_STRIP = NO;
				DEBUG_INFORMATION_FORMAT = dwarf;
				ENABLE_STRICT_OBJC_MSGSEND = YES;
				ENABLE_TESTABILITY = YES;
				GCC_C_LANGUAGE_STANDARD = gnu11;
				GCC_DYNAMIC_NO_PIC = NO;
				GCC_NO_COMMON_BLOCKS = YES;
				GCC_OPTIMIZATION_LEVEL = 0;
				GCC_PREPROCESSOR_DEFINITIONS = (
					"DEBUG=1",
					"$(inherited)",
				);
				GCC_WARN_64_TO_32_BIT_CONVERSION = YES;
				GCC_WARN_ABOUT_RETURN_TYPE = YES_ERROR;
				GCC_WARN_UNDECLARED_SELECTOR = YES;
				GCC_WARN_UNINITIALIZED_AUTOS = YES_AGGRESSIVE;
				GCC_WARN_UNUSED_FUNCTION = YES;
				GCC_WARN_UNUSED_VARIABLE = YES;
				IPHONEOS_DEPLOYMENT_TARGET = 15.4;
				MTL_ENABLE_DEBUG_INFO = INCLUDE_SOURCE;
				MTL_FAST_MATH = YES;
				ONLY_ACTIVE_ARCH = YES;
				SDKROOT = iphoneos;
				SWIFT_ACTIVE_COMPILATION_CONDITIONS = DEBUG;
				SWIFT_OPTIMIZATION_LEVEL = "-Onone";
			};
			name = Debug;
		};
		FDD47F8E280ADE09007F6014 /* Release */ = {
			isa = XCBuildConfiguration;
			buildSettings = {
				ALWAYS_SEARCH_USER_PATHS = NO;
				CLANG_ANALYZER_NONNULL = YES;
				CLANG_ANALYZER_NUMBER_OBJECT_CONVERSION = YES_AGGRESSIVE;
				CLANG_CXX_LANGUAGE_STANDARD = "gnu++17";
				CLANG_ENABLE_MODULES = YES;
				CLANG_ENABLE_OBJC_ARC = YES;
				CLANG_ENABLE_OBJC_WEAK = YES;
				CLANG_WARN_BLOCK_CAPTURE_AUTORELEASING = YES;
				CLANG_WARN_BOOL_CONVERSION = YES;
				CLANG_WARN_COMMA = YES;
				CLANG_WARN_CONSTANT_CONVERSION = YES;
				CLANG_WARN_DEPRECATED_OBJC_IMPLEMENTATIONS = YES;
				CLANG_WARN_DIRECT_OBJC_ISA_USAGE = YES_ERROR;
				CLANG_WARN_DOCUMENTATION_COMMENTS = YES;
				CLANG_WARN_EMPTY_BODY = YES;
				CLANG_WARN_ENUM_CONVERSION = YES;
				CLANG_WARN_INFINITE_RECURSION = YES;
				CLANG_WARN_INT_CONVERSION = YES;
				CLANG_WARN_NON_LITERAL_NULL_CONVERSION = YES;
				CLANG_WARN_OBJC_IMPLICIT_RETAIN_SELF = YES;
				CLANG_WARN_OBJC_LITERAL_CONVERSION = YES;
				CLANG_WARN_OBJC_ROOT_CLASS = YES_ERROR;
				CLANG_WARN_QUOTED_INCLUDE_IN_FRAMEWORK_HEADER = YES;
				CLANG_WARN_RANGE_LOOP_ANALYSIS = YES;
				CLANG_WARN_STRICT_PROTOTYPES = YES;
				CLANG_WARN_SUSPICIOUS_MOVE = YES;
				CLANG_WARN_UNGUARDED_AVAILABILITY = YES_AGGRESSIVE;
				CLANG_WARN_UNREACHABLE_CODE = YES;
				CLANG_WARN__DUPLICATE_METHOD_MATCH = YES;
				COPY_PHASE_STRIP = NO;
				DEBUG_INFORMATION_FORMAT = "dwarf-with-dsym";
				ENABLE_NS_ASSERTIONS = NO;
				ENABLE_STRICT_OBJC_MSGSEND = YES;
				GCC_C_LANGUAGE_STANDARD = gnu11;
				GCC_NO_COMMON_BLOCKS = YES;
				GCC_WARN_64_TO_32_BIT_CONVERSION = YES;
				GCC_WARN_ABOUT_RETURN_TYPE = YES_ERROR;
				GCC_WARN_UNDECLARED_SELECTOR = YES;
				GCC_WARN_UNINITIALIZED_AUTOS = YES_AGGRESSIVE;
				GCC_WARN_UNUSED_FUNCTION = YES;
				GCC_WARN_UNUSED_VARIABLE = YES;
				IPHONEOS_DEPLOYMENT_TARGET = 15.4;
				MTL_ENABLE_DEBUG_INFO = NO;
				MTL_FAST_MATH = YES;
				SDKROOT = iphoneos;
				SWIFT_COMPILATION_MODE = wholemodule;
				SWIFT_OPTIMIZATION_LEVEL = "-O";
				VALIDATE_PRODUCT = YES;
			};
			name = Release;
		};
		FDD47F90280ADE09007F6014 /* Debug */ = {
			isa = XCBuildConfiguration;
			buildSettings = {
				ASSETCATALOG_COMPILER_APPICON_NAME = AppIcon;
				ASSETCATALOG_COMPILER_GLOBAL_ACCENT_COLOR_NAME = AccentColor;
				CODE_SIGN_STYLE = Automatic;
				CURRENT_PROJECT_VERSION = 1;
				GENERATE_INFOPLIST_FILE = YES;
				INFOPLIST_FILE = ReusableComponent/Info.plist;
				INFOPLIST_KEY_UIApplicationSupportsIndirectInputEvents = YES;
				INFOPLIST_KEY_UILaunchStoryboardName = LaunchScreen;
				INFOPLIST_KEY_UIMainStoryboardFile = Main;
				INFOPLIST_KEY_UISupportedInterfaceOrientations_iPad = "UIInterfaceOrientationPortrait UIInterfaceOrientationPortraitUpsideDown UIInterfaceOrientationLandscapeLeft UIInterfaceOrientationLandscapeRight";
				INFOPLIST_KEY_UISupportedInterfaceOrientations_iPhone = "UIInterfaceOrientationPortrait UIInterfaceOrientationLandscapeLeft UIInterfaceOrientationLandscapeRight";
				LD_RUNPATH_SEARCH_PATHS = (
					"$(inherited)",
					"@executable_path/Frameworks",
				);
				MARKETING_VERSION = 1.0;
				PRODUCT_BUNDLE_IDENTIFIER = AV.ReusableComponent;
				PRODUCT_NAME = "$(TARGET_NAME)";
				SWIFT_EMIT_LOC_STRINGS = YES;
				SWIFT_VERSION = 5.0;
				TARGETED_DEVICE_FAMILY = "1,2";
			};
			name = Debug;
		};
		FDD47F91280ADE09007F6014 /* Release */ = {
			isa = XCBuildConfiguration;
			buildSettings = {
				ASSETCATALOG_COMPILER_APPICON_NAME = AppIcon;
				ASSETCATALOG_COMPILER_GLOBAL_ACCENT_COLOR_NAME = AccentColor;
				CODE_SIGN_STYLE = Automatic;
				CURRENT_PROJECT_VERSION = 1;
				GENERATE_INFOPLIST_FILE = YES;
				INFOPLIST_FILE = ReusableComponent/Info.plist;
				INFOPLIST_KEY_UIApplicationSupportsIndirectInputEvents = YES;
				INFOPLIST_KEY_UILaunchStoryboardName = LaunchScreen;
				INFOPLIST_KEY_UIMainStoryboardFile = Main;
				INFOPLIST_KEY_UISupportedInterfaceOrientations_iPad = "UIInterfaceOrientationPortrait UIInterfaceOrientationPortraitUpsideDown UIInterfaceOrientationLandscapeLeft UIInterfaceOrientationLandscapeRight";
				INFOPLIST_KEY_UISupportedInterfaceOrientations_iPhone = "UIInterfaceOrientationPortrait UIInterfaceOrientationLandscapeLeft UIInterfaceOrientationLandscapeRight";
				LD_RUNPATH_SEARCH_PATHS = (
					"$(inherited)",
					"@executable_path/Frameworks",
				);
				MARKETING_VERSION = 1.0;
				PRODUCT_BUNDLE_IDENTIFIER = AV.ReusableComponent;
				PRODUCT_NAME = "$(TARGET_NAME)";
				SWIFT_EMIT_LOC_STRINGS = YES;
				SWIFT_VERSION = 5.0;
				TARGETED_DEVICE_FAMILY = "1,2";
			};
			name = Release;
		};
		FDD47F93280ADE09007F6014 /* Debug */ = {
			isa = XCBuildConfiguration;
			buildSettings = {
				ALWAYS_EMBED_SWIFT_STANDARD_LIBRARIES = YES;
				CODE_SIGN_STYLE = Automatic;
				CURRENT_PROJECT_VERSION = 1;
				GENERATE_INFOPLIST_FILE = YES;
				IPHONEOS_DEPLOYMENT_TARGET = 15.4;
				MARKETING_VERSION = 1.0;
				PRODUCT_BUNDLE_IDENTIFIER = AV.ReusableComponentTests;
				PRODUCT_NAME = "$(TARGET_NAME)";
				SWIFT_EMIT_LOC_STRINGS = NO;
				SWIFT_VERSION = 5.0;
				TARGETED_DEVICE_FAMILY = "1,2";
			};
			name = Debug;
		};
		FDD47F94280ADE09007F6014 /* Release */ = {
			isa = XCBuildConfiguration;
			buildSettings = {
				ALWAYS_EMBED_SWIFT_STANDARD_LIBRARIES = YES;
				CODE_SIGN_STYLE = Automatic;
				CURRENT_PROJECT_VERSION = 1;
				GENERATE_INFOPLIST_FILE = YES;
				IPHONEOS_DEPLOYMENT_TARGET = 15.4;
				MARKETING_VERSION = 1.0;
				PRODUCT_BUNDLE_IDENTIFIER = AV.ReusableComponentTests;
				PRODUCT_NAME = "$(TARGET_NAME)";
				SWIFT_EMIT_LOC_STRINGS = NO;
				SWIFT_VERSION = 5.0;
				TARGETED_DEVICE_FAMILY = "1,2";
			};
			name = Release;
		};
		FDD47F96280ADE09007F6014 /* Debug */ = {
			isa = XCBuildConfiguration;
			buildSettings = {
				ALWAYS_EMBED_SWIFT_STANDARD_LIBRARIES = YES;
				CODE_SIGN_STYLE = Automatic;
				CURRENT_PROJECT_VERSION = 1;
				GENERATE_INFOPLIST_FILE = YES;
				MARKETING_VERSION = 1.0;
				PRODUCT_BUNDLE_IDENTIFIER = AV.ReusableComponentUITests;
				PRODUCT_NAME = "$(TARGET_NAME)";
				SWIFT_EMIT_LOC_STRINGS = NO;
				SWIFT_VERSION = 5.0;
				TARGETED_DEVICE_FAMILY = "1,2";
				TEST_TARGET_NAME = ReusableComponent;
			};
			name = Debug;
		};
		FDD47F97280ADE09007F6014 /* Release */ = {
			isa = XCBuildConfiguration;
			buildSettings = {
				ALWAYS_EMBED_SWIFT_STANDARD_LIBRARIES = YES;
				CODE_SIGN_STYLE = Automatic;
				CURRENT_PROJECT_VERSION = 1;
				GENERATE_INFOPLIST_FILE = YES;
				MARKETING_VERSION = 1.0;
				PRODUCT_BUNDLE_IDENTIFIER = AV.ReusableComponentUITests;
				PRODUCT_NAME = "$(TARGET_NAME)";
				SWIFT_EMIT_LOC_STRINGS = NO;
				SWIFT_VERSION = 5.0;
				TARGETED_DEVICE_FAMILY = "1,2";
				TEST_TARGET_NAME = ReusableComponent;
			};
			name = Release;
		};
/* End XCBuildConfiguration section */

/* Begin XCConfigurationList section */
		FDD47F60280ADE07007F6014 /* Build configuration list for PBXProject "ReusableComponent" */ = {
			isa = XCConfigurationList;
			buildConfigurations = (
				FDD47F8D280ADE09007F6014 /* Debug */,
				FDD47F8E280ADE09007F6014 /* Release */,
			);
			defaultConfigurationIsVisible = 0;
			defaultConfigurationName = Release;
		};
		FDD47F8F280ADE09007F6014 /* Build configuration list for PBXNativeTarget "ReusableComponent" */ = {
			isa = XCConfigurationList;
			buildConfigurations = (
				FDD47F90280ADE09007F6014 /* Debug */,
				FDD47F91280ADE09007F6014 /* Release */,
			);
			defaultConfigurationIsVisible = 0;
			defaultConfigurationName = Release;
		};
		FDD47F92280ADE09007F6014 /* Build configuration list for PBXNativeTarget "ReusableComponentTests" */ = {
			isa = XCConfigurationList;
			buildConfigurations = (
				FDD47F93280ADE09007F6014 /* Debug */,
				FDD47F94280ADE09007F6014 /* Release */,
			);
			defaultConfigurationIsVisible = 0;
			defaultConfigurationName = Release;
		};
		FDD47F95280ADE09007F6014 /* Build configuration list for PBXNativeTarget "ReusableComponentUITests" */ = {
			isa = XCConfigurationList;
			buildConfigurations = (
				FDD47F96280ADE09007F6014 /* Debug */,
				FDD47F97280ADE09007F6014 /* Release */,
			);
			defaultConfigurationIsVisible = 0;
			defaultConfigurationName = Release;
		};
/* End XCConfigurationList section */
	};
	rootObject = FDD47F5D280ADE07007F6014 /* Project object */;
}
